[{<<"emysql">>,
  {git,"https://github.com/Eonblast/Emysql",
       {ref,"c7e2103f8b737667f0128802e8de2f0d5ed2fa5c"}},
  0},
 {<<"erlang_localtime">>,
  {git,"git@bitbucket.org:AVNechaev/erlang_localtime.git",
       {ref,"90410d636e2f798ee1f54184646689bd6f6c20dd"}},
  0},
 {<<"erlmc">>,
  {git,"git@bitbucket.org:AVNechaev/erlmc.git",
       {ref,"f249f4ae5c1b0f8b50e6f1eb188eb68ec2e8d0db"}},
  0},
 {<<"goldrush">>,
  {git,"git://github.com/DeadZen/goldrush.git",
       {ref,"1d883423ac360b3536ca52dc733a0164bacf3109"}},
  1},
 {<<"iqfeed_client">>,
  {git,"git@bitbucket.org:AVNechaev/iqfeed_client.git",
       {ref,"b7ac93562de36ee02248f40d1770c109dabfb494"}},
  0},
 {<<"lager">>,
  {git,"https://github.com/basho/lager.git",
       {ref,"ad400896af5b1ad8b4f7a4d34e609b5a990640bb"}},
  0},
 {<<"mochiweb">>,
  {git,"git://github.com/mochi/mochiweb",
       {ref,"c3fb6aed018d47a9c313daa966657a157d88dbc6"}},
  0},
 {<<"recon">>,
  {git,"https://github.com/ferd/recon",
       {ref,"a270acdb0d8d270887db0647c0affbbcee197d42"}},
  0},
 {<<"rz_util">>,
  {git,"git@bitbucket.org:AVNechaev/rz_util.git",
       {ref,"0c345e24d96492f5c4e2bb95551b4cc6c5815932"}},
  0},
 {<<"webmachine">>,
  {git,"https://github.com/webmachine/webmachine.git",
       {ref,"4edbea20f05dde54cd83e562ec29ae4cc5669f76"}},
  0}].
